
Microsoft Visual Studio Solution File, Format Version 12.00
# Visual Studio Version 17
VisualStudioVersion = 17.7.34009.444
MinimumVisualStudioVersion = 10.0.40219.1
Project("{9A19103F-16F7-4668-BE54-9A1E7A4F7556}") = "WebAPI", "WebAPI\WebAPI.csproj", "{82E3CDF9-A2C7-4213-B7D9-A26353F75552}"
EndProject
Project("{FAE04EC0-301F-11D3-BF4B-00C04F79EFBC}") = "Model", "Model\Model.csproj", "{0BF597AF-4DB2-41AC-90BA-B5421EAFE213}"
EndProject
Project("{FAE04EC0-301F-11D3-BF4B-00C04F79EFBC}") = "Interface", "Interface\Interface.csproj", "{8C770760-5595-4589-88F2-393DE0A6C644}"
EndProject
Project("{FAE04EC0-301F-11D3-BF4B-00C04F79EFBC}") = "Service", "Service\Service.csproj", "{A2CFCFA0-FBD7-4A14-A0EB-2877C720E1A6}"
EndProject
Global
	GlobalSection(SolutionConfigurationPlatforms) = preSolution
		Debug|Any CPU = Debug|Any CPU
		Release|Any CPU = Release|Any CPU
	EndGlobalSection
	GlobalSection(ProjectConfigurationPlatforms) = postSolution
		{82E3CDF9-A2C7-4213-B7D9-A26353F75552}.Debug|Any CPU.ActiveCfg = Debug|Any CPU
		{82E3CDF9-A2C7-4213-B7D9-A26353F75552}.Debug|Any CPU.Build.0 = Debug|Any CPU
		{82E3CDF9-A2C7-4213-B7D9-A26353F75552}.Release|Any CPU.ActiveCfg = Release|Any CPU
		{82E3CDF9-A2C7-4213-B7D9-A26353F75552}.Release|Any CPU.Build.0 = Release|Any CPU
		{0BF597AF-4DB2-41AC-90BA-B5421EAFE213}.Debug|Any CPU.ActiveCfg = Debug|Any CPU
		{0BF597AF-4DB2-41AC-90BA-B5421EAFE213}.Debug|Any CPU.Build.0 = Debug|Any CPU
		{0BF597AF-4DB2-41AC-90BA-B5421EAFE213}.Release|Any CPU.ActiveCfg = Release|Any CPU
		{0BF597AF-4DB2-41AC-90BA-B5421EAFE213}.Release|Any CPU.Build.0 = Release|Any CPU
		{8C770760-5595-4589-88F2-393DE0A6C644}.Debug|Any CPU.ActiveCfg = Debug|Any CPU
		{8C770760-5595-4589-88F2-393DE0A6C644}.Debug|Any CPU.Build.0 = Debug|Any CPU
		{8C770760-5595-4589-88F2-393DE0A6C644}.Release|Any CPU.ActiveCfg = Release|Any CPU
		{8C770760-5595-4589-88F2-393DE0A6C644}.Release|Any CPU.Build.0 = Release|Any CPU
		{A2CFCFA0-FBD7-4A14-A0EB-2877C720E1A6}.Debug|Any CPU.ActiveCfg = Debug|Any CPU
		{A2CFCFA0-FBD7-4A14-A0EB-2877C720E1A6}.Debug|Any CPU.Build.0 = Debug|Any CPU
		{A2CFCFA0-FBD7-4A14-A0EB-2877C720E1A6}.Release|Any CPU.ActiveCfg = Release|Any CPU
		{A2CFCFA0-FBD7-4A14-A0EB-2877C720E1A6}.Release|Any CPU.Build.0 = Release|Any CPU
	EndGlobalSection
	GlobalSection(SolutionProperties) = preSolution
		HideSolutionNode = FALSE
	EndGlobalSection
	GlobalSection(ExtensibilityGlobals) = postSolution
		SolutionGuid = {521E24F5-C55F-42F6-84BB-843AB2F5517D}
	EndGlobalSection
EndGlobal
