
Microsoft Visual Studio Solution File, Format Version 12.00
# Visual Studio Version 17
VisualStudioVersion = 17.7.34009.444
MinimumVisualStudioVersion = 10.0.40219.1
Project("{FAE04EC0-301F-11D3-BF4B-00C04F79EFBC}") = "WebAPI", "WebAPI\WebAPI.csproj", "{C176D1BA-9E6B-4F49-9BAA-91D1A6A59DC2}"
EndProject
Project("{FAE04EC0-301F-11D3-BF4B-00C04F79EFBC}") = "Model", "Model\Model.csproj", "{DA89787A-EC27-4922-BB1F-34FA1AD4279B}"
EndProject
Project("{FAE04EC0-301F-11D3-BF4B-00C04F79EFBC}") = "Interface", "Interface\Interface.csproj", "{96C4463E-F717-4A0C-BA8B-B110130CCE48}"
EndProject
Project("{FAE04EC0-301F-11D3-BF4B-00C04F79EFBC}") = "Service", "Service\Service.csproj", "{F0BB6798-6A11-44FB-A639-B85E3C506B16}"
EndProject
Global
	GlobalSection(SolutionConfigurationPlatforms) = preSolution
		Debug|Any CPU = Debug|Any CPU
		Release|Any CPU = Release|Any CPU
	EndGlobalSection
	GlobalSection(ProjectConfigurationPlatforms) = postSolution
		{C176D1BA-9E6B-4F49-9BAA-91D1A6A59DC2}.Debug|Any CPU.ActiveCfg = Debug|Any CPU
		{C176D1BA-9E6B-4F49-9BAA-91D1A6A59DC2}.Debug|Any CPU.Build.0 = Debug|Any CPU
		{C176D1BA-9E6B-4F49-9BAA-91D1A6A59DC2}.Release|Any CPU.ActiveCfg = Release|Any CPU
		{C176D1BA-9E6B-4F49-9BAA-91D1A6A59DC2}.Release|Any CPU.Build.0 = Release|Any CPU
		{DA89787A-EC27-4922-BB1F-34FA1AD4279B}.Debug|Any CPU.ActiveCfg = Debug|Any CPU
		{DA89787A-EC27-4922-BB1F-34FA1AD4279B}.Debug|Any CPU.Build.0 = Debug|Any CPU
		{DA89787A-EC27-4922-BB1F-34FA1AD4279B}.Release|Any CPU.ActiveCfg = Release|Any CPU
		{DA89787A-EC27-4922-BB1F-34FA1AD4279B}.Release|Any CPU.Build.0 = Release|Any CPU
		{96C4463E-F717-4A0C-BA8B-B110130CCE48}.Debug|Any CPU.ActiveCfg = Debug|Any CPU
		{96C4463E-F717-4A0C-BA8B-B110130CCE48}.Debug|Any CPU.Build.0 = Debug|Any CPU
		{96C4463E-F717-4A0C-BA8B-B110130CCE48}.Release|Any CPU.ActiveCfg = Release|Any CPU
		{96C4463E-F717-4A0C-BA8B-B110130CCE48}.Release|Any CPU.Build.0 = Release|Any CPU
		{F0BB6798-6A11-44FB-A639-B85E3C506B16}.Debug|Any CPU.ActiveCfg = Debug|Any CPU
		{F0BB6798-6A11-44FB-A639-B85E3C506B16}.Debug|Any CPU.Build.0 = Debug|Any CPU
		{F0BB6798-6A11-44FB-A639-B85E3C506B16}.Release|Any CPU.ActiveCfg = Release|Any CPU
		{F0BB6798-6A11-44FB-A639-B85E3C506B16}.Release|Any CPU.Build.0 = Release|Any CPU
	EndGlobalSection
	GlobalSection(SolutionProperties) = preSolution
		HideSolutionNode = FALSE
	EndGlobalSection
	GlobalSection(ExtensibilityGlobals) = postSolution
		SolutionGuid = {CE9EE261-5737-4BF1-A324-8C8E50358B30}
	EndGlobalSection
EndGlobal
